
Microsoft Visual Studio Solution File, Format Version 12.00
# Visual Studio Version 16
VisualStudioVersion = 16.0.30204.135
MinimumVisualStudioVersion = 10.0.40219.1
Project("{9A19103F-16F7-4668-BE54-9A1E7A4F7556}") = "LionFrame.Domain", "LionFrame.Demain\LionFrame.Domain.csproj", "{8032124C-026C-4402-B2C8-A4371C3C4C37}"
EndProject
Project("{9A19103F-16F7-4668-BE54-9A1E7A4F7556}") = "LionFrame.Data", "LionFrame.Data\LionFrame.Data.csproj", "{4BF8568D-9A53-47E9-9E5C-C6EE7DAF95D3}"
EndProject
Project("{9A19103F-16F7-4668-BE54-9A1E7A4F7556}") = "LionFrame.Controller", "LionFrame.Controller\LionFrame.Controller.csproj", "{64819BDB-025E-4A33-985C-11F0E7E37540}"
EndProject
Project("{9A19103F-16F7-4668-BE54-9A1E7A4F7556}") = "LionFrame.Business", "LionFrame.Business\LionFrame.Business.csproj", "{3E14598F-9D1E-4D28-9CD6-9C328D0E3DA1}"
EndProject
Project("{9A19103F-16F7-4668-BE54-9A1E7A4F7556}") = "LionFrame.Config", "LionFrame.Config\LionFrame.Config.csproj", "{2B403B9B-632B-4FC7-BCA7-EA6D111A5631}"
EndProject
Project("{9A19103F-16F7-4668-BE54-9A1E7A4F7556}") = "LionFrame.Basic", "LionFrame.Basic\LionFrame.Basic.csproj", "{4263C1F6-0642-4980-94D3-25D69E43AF05}"
EndProject
Project("{9A19103F-16F7-4668-BE54-9A1E7A4F7556}") = "LionFrame.Model", "LionFrame.Model\LionFrame.Model.csproj", "{3281C33A-4683-4D15-A21C-9C6903DC6E9F}"
EndProject
Project("{9A19103F-16F7-4668-BE54-9A1E7A4F7556}") = "LionFrame.CoreCommon", "LionFrame.CoreCommon\LionFrame.CoreCommon.csproj", "{32D62C6B-9CCE-4455-BE06-5D9020553708}"
EndProject
Project("{9A19103F-16F7-4668-BE54-9A1E7A4F7556}") = "LionFrame.MainWeb", "LionFrame.MainWeb\LionFrame.MainWeb.csproj", "{313C0270-FA45-4F8D-8453-01FBDF11741F}"
	ProjectSection(ProjectDependencies) = postProject
		{4BF8568D-9A53-47E9-9E5C-C6EE7DAF95D3} = {4BF8568D-9A53-47E9-9E5C-C6EE7DAF95D3}
		{3E14598F-9D1E-4D28-9CD6-9C328D0E3DA1} = {3E14598F-9D1E-4D28-9CD6-9C328D0E3DA1}
	EndProjectSection
EndProject
Project("{FAE04EC0-301F-11D3-BF4B-00C04F79EFBC}") = "LionFrame.Quartz", "LionFrame.Quartz\LionFrame.Quartz.csproj", "{E2408A51-8451-4D19-8260-7E176232B555}"
EndProject
Global
	GlobalSection(SolutionConfigurationPlatforms) = preSolution
		Debug|Any CPU = Debug|Any CPU
		Release|Any CPU = Release|Any CPU
	EndGlobalSection
	GlobalSection(ProjectConfigurationPlatforms) = postSolution
		{8032124C-026C-4402-B2C8-A4371C3C4C37}.Debug|Any CPU.ActiveCfg = Debug|Any CPU
		{8032124C-026C-4402-B2C8-A4371C3C4C37}.Debug|Any CPU.Build.0 = Debug|Any CPU
		{8032124C-026C-4402-B2C8-A4371C3C4C37}.Release|Any CPU.ActiveCfg = Release|Any CPU
		{8032124C-026C-4402-B2C8-A4371C3C4C37}.Release|Any CPU.Build.0 = Release|Any CPU
		{4BF8568D-9A53-47E9-9E5C-C6EE7DAF95D3}.Debug|Any CPU.ActiveCfg = Debug|Any CPU
		{4BF8568D-9A53-47E9-9E5C-C6EE7DAF95D3}.Debug|Any CPU.Build.0 = Debug|Any CPU
		{4BF8568D-9A53-47E9-9E5C-C6EE7DAF95D3}.Release|Any CPU.ActiveCfg = Release|Any CPU
		{4BF8568D-9A53-47E9-9E5C-C6EE7DAF95D3}.Release|Any CPU.Build.0 = Release|Any CPU
		{64819BDB-025E-4A33-985C-11F0E7E37540}.Debug|Any CPU.ActiveCfg = Debug|Any CPU
		{64819BDB-025E-4A33-985C-11F0E7E37540}.Debug|Any CPU.Build.0 = Debug|Any CPU
		{64819BDB-025E-4A33-985C-11F0E7E37540}.Release|Any CPU.ActiveCfg = Release|Any CPU
		{64819BDB-025E-4A33-985C-11F0E7E37540}.Release|Any CPU.Build.0 = Release|Any CPU
		{3E14598F-9D1E-4D28-9CD6-9C328D0E3DA1}.Debug|Any CPU.ActiveCfg = Debug|Any CPU
		{3E14598F-9D1E-4D28-9CD6-9C328D0E3DA1}.Debug|Any CPU.Build.0 = Debug|Any CPU
		{3E14598F-9D1E-4D28-9CD6-9C328D0E3DA1}.Release|Any CPU.ActiveCfg = Release|Any CPU
		{3E14598F-9D1E-4D28-9CD6-9C328D0E3DA1}.Release|Any CPU.Build.0 = Release|Any CPU
		{2B403B9B-632B-4FC7-BCA7-EA6D111A5631}.Debug|Any CPU.ActiveCfg = Debug|Any CPU
		{2B403B9B-632B-4FC7-BCA7-EA6D111A5631}.Debug|Any CPU.Build.0 = Debug|Any CPU
		{2B403B9B-632B-4FC7-BCA7-EA6D111A5631}.Release|Any CPU.ActiveCfg = Release|Any CPU
		{2B403B9B-632B-4FC7-BCA7-EA6D111A5631}.Release|Any CPU.Build.0 = Release|Any CPU
		{4263C1F6-0642-4980-94D3-25D69E43AF05}.Debug|Any CPU.ActiveCfg = Debug|Any CPU
		{4263C1F6-0642-4980-94D3-25D69E43AF05}.Debug|Any CPU.Build.0 = Debug|Any CPU
		{4263C1F6-0642-4980-94D3-25D69E43AF05}.Release|Any CPU.ActiveCfg = Release|Any CPU
		{4263C1F6-0642-4980-94D3-25D69E43AF05}.Release|Any CPU.Build.0 = Release|Any CPU
		{3281C33A-4683-4D15-A21C-9C6903DC6E9F}.Debug|Any CPU.ActiveCfg = Debug|Any CPU
		{3281C33A-4683-4D15-A21C-9C6903DC6E9F}.Debug|Any CPU.Build.0 = Debug|Any CPU
		{3281C33A-4683-4D15-A21C-9C6903DC6E9F}.Release|Any CPU.ActiveCfg = Release|Any CPU
		{3281C33A-4683-4D15-A21C-9C6903DC6E9F}.Release|Any CPU.Build.0 = Release|Any CPU
		{32D62C6B-9CCE-4455-BE06-5D9020553708}.Debug|Any CPU.ActiveCfg = Debug|Any CPU
		{32D62C6B-9CCE-4455-BE06-5D9020553708}.Debug|Any CPU.Build.0 = Debug|Any CPU
		{32D62C6B-9CCE-4455-BE06-5D9020553708}.Release|Any CPU.ActiveCfg = Release|Any CPU
		{32D62C6B-9CCE-4455-BE06-5D9020553708}.Release|Any CPU.Build.0 = Release|Any CPU
		{313C0270-FA45-4F8D-8453-01FBDF11741F}.Debug|Any CPU.ActiveCfg = Debug|Any CPU
		{313C0270-FA45-4F8D-8453-01FBDF11741F}.Debug|Any CPU.Build.0 = Debug|Any CPU
		{313C0270-FA45-4F8D-8453-01FBDF11741F}.Release|Any CPU.ActiveCfg = Release|Any CPU
		{313C0270-FA45-4F8D-8453-01FBDF11741F}.Release|Any CPU.Build.0 = Release|Any CPU
		{E2408A51-8451-4D19-8260-7E176232B555}.Debug|Any CPU.ActiveCfg = Debug|Any CPU
		{E2408A51-8451-4D19-8260-7E176232B555}.Debug|Any CPU.Build.0 = Debug|Any CPU
		{E2408A51-8451-4D19-8260-7E176232B555}.Release|Any CPU.ActiveCfg = Release|Any CPU
		{E2408A51-8451-4D19-8260-7E176232B555}.Release|Any CPU.Build.0 = Release|Any CPU
	EndGlobalSection
	GlobalSection(SolutionProperties) = preSolution
		HideSolutionNode = FALSE
	EndGlobalSection
	GlobalSection(ExtensibilityGlobals) = postSolution
		SolutionGuid = {DACF84F9-4046-4FB2-9DAD-D76FACBAC362}
	EndGlobalSection
EndGlobal
